
Microsoft Visual Studio Solution File, Format Version 12.00
# Visual Studio Version 16
VisualStudioVersion = 16.0.30517.126
MinimumVisualStudioVersion = 10.0.40219.1
Project("{8BC9CEB8-8B4A-11D0-8D11-00A0C91BC942}") = "sourcecodeman1", "sourcecodeman1\sourcecodeman1.vcxproj", "{674149F7-BBBF-4FCC-A720-325A389621A8}"
EndProject
Global
	GlobalSection(SolutionConfigurationPlatforms) = preSolution
		Debug|x64 = Debug|x64
		Debug|x86 = Debug|x86
		Release|x64 = Release|x64
		Release|x86 = Release|x86
	EndGlobalSection
	GlobalSection(ProjectConfigurationPlatforms) = postSolution
		{674149F7-BBBF-4FCC-A720-325A389621A8}.Debug|x64.ActiveCfg = Debug|x64
		{674149F7-BBBF-4FCC-A720-325A389621A8}.Debug|x64.Build.0 = Debug|x64
		{674149F7-BBBF-4FCC-A720-325A389621A8}.Debug|x86.ActiveCfg = Debug|Win32
		{674149F7-BBBF-4FCC-A720-325A389621A8}.Debug|x86.Build.0 = Debug|Win32
		{674149F7-BBBF-4FCC-A720-325A389621A8}.Release|x64.ActiveCfg = Release|x64
		{674149F7-BBBF-4FCC-A720-325A389621A8}.Release|x64.Build.0 = Release|x64
		{674149F7-BBBF-4FCC-A720-325A389621A8}.Release|x86.ActiveCfg = Release|Win32
		{674149F7-BBBF-4FCC-A720-325A389621A8}.Release|x86.Build.0 = Release|Win32
	EndGlobalSection
	GlobalSection(SolutionProperties) = preSolution
		HideSolutionNode = FALSE
	EndGlobalSection
	GlobalSection(ExtensibilityGlobals) = postSolution
		SolutionGuid = {0BF1391E-77CC-4341-9ED8-8B1D6040F645}
	EndGlobalSection
EndGlobal
